
Microsoft Visual Studio Solution File, Format Version 12.00
# Visual Studio Express 2012 for Windows Phone
Project("{FAE04EC0-301F-11D3-BF4B-00C04F79EFBC}") = "CalendarApp", "CalendarApp\CalendarApp.csproj", "{9B3A4C63-9441-4B6F-853D-AB1024232A1A}"
EndProject
Project("{FAE04EC0-301F-11D3-BF4B-00C04F79EFBC}") = "CalendarTileChangeAgent", "CalendarTileChangeAgent\CalendarTileChangeAgent.csproj", "{50FA098B-7D3F-4BA8-916B-5A1963F59BBA}"
EndProject
Project("{FAE04EC0-301F-11D3-BF4B-00C04F79EFBC}") = "CalendarApp.Support", "CalendarApp.Support\CalendarApp.Support.csproj", "{C86FA1A4-78F1-4DD1-A4BC-9795DDC4190D}"
EndProject
Global
	GlobalSection(SolutionConfigurationPlatforms) = preSolution
		Debug|Any CPU = Debug|Any CPU
		Release|Any CPU = Release|Any CPU
	EndGlobalSection
	GlobalSection(ProjectConfigurationPlatforms) = postSolution
		{9B3A4C63-9441-4B6F-853D-AB1024232A1A}.Debug|Any CPU.ActiveCfg = Debug|Any CPU
		{9B3A4C63-9441-4B6F-853D-AB1024232A1A}.Debug|Any CPU.Build.0 = Debug|Any CPU
		{9B3A4C63-9441-4B6F-853D-AB1024232A1A}.Debug|Any CPU.Deploy.0 = Debug|Any CPU
		{9B3A4C63-9441-4B6F-853D-AB1024232A1A}.Release|Any CPU.ActiveCfg = Release|Any CPU
		{9B3A4C63-9441-4B6F-853D-AB1024232A1A}.Release|Any CPU.Build.0 = Release|Any CPU
		{9B3A4C63-9441-4B6F-853D-AB1024232A1A}.Release|Any CPU.Deploy.0 = Release|Any CPU
		{50FA098B-7D3F-4BA8-916B-5A1963F59BBA}.Debug|Any CPU.ActiveCfg = Debug|Any CPU
		{50FA098B-7D3F-4BA8-916B-5A1963F59BBA}.Debug|Any CPU.Build.0 = Debug|Any CPU
		{50FA098B-7D3F-4BA8-916B-5A1963F59BBA}.Release|Any CPU.ActiveCfg = Release|Any CPU
		{50FA098B-7D3F-4BA8-916B-5A1963F59BBA}.Release|Any CPU.Build.0 = Release|Any CPU
		{C86FA1A4-78F1-4DD1-A4BC-9795DDC4190D}.Debug|Any CPU.ActiveCfg = Debug|Any CPU
		{C86FA1A4-78F1-4DD1-A4BC-9795DDC4190D}.Debug|Any CPU.Build.0 = Debug|Any CPU
		{C86FA1A4-78F1-4DD1-A4BC-9795DDC4190D}.Release|Any CPU.ActiveCfg = Release|Any CPU
		{C86FA1A4-78F1-4DD1-A4BC-9795DDC4190D}.Release|Any CPU.Build.0 = Release|Any CPU
	EndGlobalSection
	GlobalSection(SolutionProperties) = preSolution
		HideSolutionNode = FALSE
	EndGlobalSection
EndGlobal
